
Microsoft Visual Studio Solution File, Format Version 12.00
# Visual Studio Version 17
VisualStudioVersion = 17.1.32328.378
MinimumVisualStudioVersion = 10.0.40219.1
Project("{FAE04EC0-301F-11D3-BF4B-00C04F79EFBC}") = "TestAPI", "TestAPI\TestAPI.csproj", "{F3B9727E-8313-49F4-BD04-849BE4947872}"
EndProject
Project("{FAE04EC0-301F-11D3-BF4B-00C04F79EFBC}") = "ConsumeAPIwithCORS", "ConsumeAPIwithCORS\ConsumeAPIwithCORS.csproj", "{BC0AC05E-AF2E-45DD-B9D8-FE9FC21559F6}"
EndProject
Global
	GlobalSection(SolutionConfigurationPlatforms) = preSolution
		Debug|Any CPU = Debug|Any CPU
		Release|Any CPU = Release|Any CPU
	EndGlobalSection
	GlobalSection(ProjectConfigurationPlatforms) = postSolution
		{F3B9727E-8313-49F4-BD04-849BE4947872}.Debug|Any CPU.ActiveCfg = Debug|Any CPU
		{F3B9727E-8313-49F4-BD04-849BE4947872}.Debug|Any CPU.Build.0 = Debug|Any CPU
		{F3B9727E-8313-49F4-BD04-849BE4947872}.Release|Any CPU.ActiveCfg = Release|Any CPU
		{F3B9727E-8313-49F4-BD04-849BE4947872}.Release|Any CPU.Build.0 = Release|Any CPU
		{BC0AC05E-AF2E-45DD-B9D8-FE9FC21559F6}.Debug|Any CPU.ActiveCfg = Debug|Any CPU
		{BC0AC05E-AF2E-45DD-B9D8-FE9FC21559F6}.Debug|Any CPU.Build.0 = Debug|Any CPU
		{BC0AC05E-AF2E-45DD-B9D8-FE9FC21559F6}.Release|Any CPU.ActiveCfg = Release|Any CPU
		{BC0AC05E-AF2E-45DD-B9D8-FE9FC21559F6}.Release|Any CPU.Build.0 = Release|Any CPU
	EndGlobalSection
	GlobalSection(SolutionProperties) = preSolution
		HideSolutionNode = FALSE
	EndGlobalSection
	GlobalSection(ExtensibilityGlobals) = postSolution
		SolutionGuid = {442BB106-7200-4543-8209-290470979163}
	EndGlobalSection
EndGlobal
